{
  "name": "equal-hue-tailwind-colors",
  "version": "1.0.0",
  "lockfileVersion": 3,
  "requires": true,
  "packages": {
    "": {
      "name": "equal-hue-tailwind-colors",
      "version": "1.0.0",
      "license": "ISC",
      "devDependencies": {
        "@texel/color": "^1.1.1"
      }
    },
    "node_modules/@texel/color": {
      "version": "1.1.1",
      "resolved": "https://registry.npmjs.org/@texel/color/-/color-1.1.1.tgz",
      "integrity": "sha512-kks3b2rVDDP0wKHrAWUOg10MLLg5n1ylg0+Lx/PC6//2ZjdU5fdAWolpFKXoKDaDv/02/FDsYje9AFghWMN4MA==",
      "dev": true,
      "license": "MIT"
    }
  }
}
